
Microsoft Visual Studio Solution File, Format Version 12.00
# Visual Studio Version 17
VisualStudioVersion = 17.7.34221.43
MinimumVisualStudioVersion = 10.0.40219.1
Project("{9A19103F-16F7-4668-BE54-9A1E7A4F7556}") = "HotelManager", "HotelManager.csproj", "{DEBCFAB6-0DFD-4CCB-BBB9-487F1D7C27FD}"
EndProject
Global
	GlobalSection(SolutionConfigurationPlatforms) = preSolution
		Debug|Any CPU = Debug|Any CPU
		Release|Any CPU = Release|Any CPU
	EndGlobalSection
	GlobalSection(ProjectConfigurationPlatforms) = postSolution
		{DEBCFAB6-0DFD-4CCB-BBB9-487F1D7C27FD}.Debug|Any CPU.ActiveCfg = Debug|Any CPU
		{DEBCFAB6-0DFD-4CCB-BBB9-487F1D7C27FD}.Debug|Any CPU.Build.0 = Debug|Any CPU
		{DEBCFAB6-0DFD-4CCB-BBB9-487F1D7C27FD}.Release|Any CPU.ActiveCfg = Release|Any CPU
		{DEBCFAB6-0DFD-4CCB-BBB9-487F1D7C27FD}.Release|Any CPU.Build.0 = Release|Any CPU
	EndGlobalSection
	GlobalSection(SolutionProperties) = preSolution
		HideSolutionNode = FALSE
	EndGlobalSection
	GlobalSection(ExtensibilityGlobals) = postSolution
		SolutionGuid = {B141E5D5-C7A4-4925-B3A0-7F76EB965E5C}
	EndGlobalSection
EndGlobal
